
Microsoft Visual Studio Solution File, Format Version 12.00
# Visual Studio Version 17
VisualStudioVersion = 17.3.32929.385
MinimumVisualStudioVersion = 10.0.40219.1
Project("{FAE04EC0-301F-11D3-BF4B-00C04F79EFBC}") = "SmartParking", "SmartParking\SmartParking.csproj", "{E709237C-0811-4C1D-95E9-D163BE3A71D0}"
EndProject
Global
	GlobalSection(SolutionConfigurationPlatforms) = preSolution
		Debug|Any CPU = Debug|Any CPU
		Release|Any CPU = Release|Any CPU
	EndGlobalSection
	GlobalSection(ProjectConfigurationPlatforms) = postSolution
		{E709237C-0811-4C1D-95E9-D163BE3A71D0}.Debug|Any CPU.ActiveCfg = Debug|Any CPU
		{E709237C-0811-4C1D-95E9-D163BE3A71D0}.Debug|Any CPU.Build.0 = Debug|Any CPU
		{E709237C-0811-4C1D-95E9-D163BE3A71D0}.Release|Any CPU.ActiveCfg = Release|Any CPU
		{E709237C-0811-4C1D-95E9-D163BE3A71D0}.Release|Any CPU.Build.0 = Release|Any CPU
	EndGlobalSection
	GlobalSection(SolutionProperties) = preSolution
		HideSolutionNode = FALSE
	EndGlobalSection
	GlobalSection(ExtensibilityGlobals) = postSolution
		SolutionGuid = {328FE53C-8776-47BC-A801-2EC5299EE9EC}
	EndGlobalSection
EndGlobal
